// !$*UTF8*$!
{
	archiveVersion = 1;
	classes = {
	};
	objectVersion = 50;
	objects = {

/* Begin PBXBuildFile section */
		32A4428122769131001BBA86 /* AppDelegate.m in Sources */ = {isa = PBXBuildFile; fileRef = 32A4428022769131001BBA86 /* AppDelegate.m */; };
		32A4428422769131001BBA86 /* ViewController.m in Sources */ = {isa = PBXBuildFile; fileRef = 32A4428322769131001BBA86 /* ViewController.m */; };
		32A4428722769131001BBA86 /* Main.storyboard in Resources */ = {isa = PBXBuildFile; fileRef = 32A4428522769131001BBA86 /* Main.storyboard */; };
		32A4428922769132001BBA86 /* Assets.xcassets in Resources */ = {isa = PBXBuildFile; fileRef = 32A4428822769132001BBA86 /* Assets.xcassets */; };
		32A4428C22769132001BBA86 /* LaunchScreen.storyboard in Resources */ = {isa = PBXBuildFile; fileRef = 32A4428A22769132001BBA86 /* LaunchScreen.storyboard */; };
		32A4428F22769132001BBA86 /* main.m in Sources */ = {isa = PBXBuildFile; fileRef = 32A4428E22769132001BBA86 /* main.m */; };
		32A4429922769132001BBA86 /* ShellSortTests.m in Sources */ = {isa = PBXBuildFile; fileRef = 32A4429822769132001BBA86 /* ShellSortTests.m */; };
		32A442A422769132001BBA86 /* ShellSortUITests.m in Sources */ = {isa = PBXBuildFile; fileRef = 32A442A322769132001BBA86 /* ShellSortUITests.m */; };
/* End PBXBuildFile section */

/* Begin PBXContainerItemProxy section */
		32A4429522769132001BBA86 /* PBXContainerItemProxy */ = {
			isa = PBXContainerItemProxy;
			containerPortal = 32A4427422769131001BBA86 /* Project object */;
			proxyType = 1;
			remoteGlobalIDString = 32A4427B22769131001BBA86;
			remoteInfo = ShellSort;
		};
		32A442A022769132001BBA86 /* PBXContainerItemProxy */ = {
			isa = PBXContainerItemProxy;
			containerPortal = 32A4427422769131001BBA86 /* Project object */;
			proxyType = 1;
			remoteGlobalIDString = 32A4427B22769131001BBA86;
			remoteInfo = ShellSort;
		};
/* End PBXContainerItemProxy section */

/* Begin PBXFileReference section */
		32A4427C22769131001BBA86 /* ShellSort.app */ = {isa = PBXFileReference; explicitFileType = wrapper.application; includeInIndex = 0; path = ShellSort.app; sourceTree = BUILT_PRODUCTS_DIR; };
		32A4427F22769131001BBA86 /* AppDelegate.h */ = {isa = PBXFileReference; lastKnownFileType = sourcecode.c.h; path = AppDelegate.h; sourceTree = "<group>"; };
		32A4428022769131001BBA86 /* AppDelegate.m */ = {isa = PBXFileReference; lastKnownFileType = sourcecode.c.objc; path = AppDelegate.m; sourceTree = "<group>"; };
		32A4428222769131001BBA86 /* ViewController.h */ = {isa = PBXFileReference; lastKnownFileType = sourcecode.c.h; path = ViewController.h; sourceTree = "<group>"; };
		32A4428322769131001BBA86 /* ViewController.m */ = {isa = PBXFileReference; lastKnownFileType = sourcecode.c.objc; path = ViewController.m; sourceTree = "<group>"; };
		32A4428622769131001BBA86 /* Base */ = {isa = PBXFileReference; lastKnownFileType = file.storyboard; name = Base; path = Base.lproj/Main.storyboard; sourceTree = "<group>"; };
		32A4428822769132001BBA86 /* Assets.xcassets */ = {isa = PBXFileReference; lastKnownFileType = folder.assetcatalog; path = Assets.xcassets; sourceTree = "<group>"; };
		32A4428B22769132001BBA86 /* Base */ = {isa = PBXFileReference; lastKnownFileType = file.storyboard; name = Base; path = Base.lproj/LaunchScreen.storyboard; sourceTree = "<group>"; };
		32A4428D22769132001BBA86 /* Info.plist */ = {isa = PBXFileReference; lastKnownFileType = text.plist.xml; path = Info.plist; sourceTree = "<group>"; };
		32A4428E22769132001BBA86 /* main.m */ = {isa = PBXFileReference; lastKnownFileType = sourcecode.c.objc; path = main.m; sourceTree = "<group>"; };
		32A4429422769132001BBA86 /* ShellSortTests.xctest */ = {isa = PBXFileReference; explicitFileType = wrapper.cfbundle; includeInIndex = 0; path = ShellSortTests.xctest; sourceTree = BUILT_PRODUCTS_DIR; };
		32A4429822769132001BBA86 /* ShellSortTests.m */ = {isa = PBXFileReference; lastKnownFileType = sourcecode.c.objc; path = ShellSortTests.m; sourceTree = "<group>"; };
		32A4429A22769132001BBA86 /* Info.plist */ = {isa = PBXFileReference; lastKnownFileType = text.plist.xml; path = Info.plist; sourceTree = "<group>"; };
		32A4429F22769132001BBA86 /* ShellSortUITests.xctest */ = {isa = PBXFileReference; explicitFileType = wrapper.cfbundle; includeInIndex = 0; path = ShellSortUITests.xctest; sourceTree = BUILT_PRODUCTS_DIR; };
		32A442A322769132001BBA86 /* ShellSortUITests.m */ = {isa = PBXFileReference; lastKnownFileType = sourcecode.c.objc; path = ShellSortUITests.m; sourceTree = "<group>"; };
		32A442A522769132001BBA86 /* Info.plist */ = {isa = PBXFileReference; lastKnownFileType = text.plist.xml; path = Info.plist; sourceTree = "<group>"; };
/* End PBXFileReference section */

/* Begin PBXFrameworksBuildPhase section */
		32A4427922769131001BBA86 /* Frameworks */ = {
			isa = PBXFrameworksBuildPhase;
			buildActionMask = 2147483647;
			files = (
			);
			runOnlyForDeploymentPostprocessing = 0;
		};
		32A4429122769132001BBA86 /* Frameworks */ = {
			isa = PBXFrameworksBuildPhase;
			buildActionMask = 2147483647;
			files = (
			);
			runOnlyForDeploymentPostprocessing = 0;
		};
		32A4429C22769132001BBA86 /* Frameworks */ = {
			isa = PBXFrameworksBuildPhase;
			buildActionMask = 2147483647;
			files = (
			);
			runOnlyForDeploymentPostprocessing = 0;
		};
/* End PBXFrameworksBuildPhase section */

/* Begin PBXGroup section */
		32A4427322769131001BBA86 = {
			isa = PBXGroup;
			children = (
				32A4427E22769131001BBA86 /* ShellSort */,
				32A4429722769132001BBA86 /* ShellSortTests */,
				32A442A222769132001BBA86 /* ShellSortUITests */,
				32A4427D22769131001BBA86 /* Products */,
			);
			sourceTree = "<group>";
		};
		32A4427D22769131001BBA86 /* Products */ = {
			isa = PBXGroup;
			children = (
				32A4427C22769131001BBA86 /* ShellSort.app */,
				32A4429422769132001BBA86 /* ShellSortTests.xctest */,
				32A4429F22769132001BBA86 /* ShellSortUITests.xctest */,
			);
			name = Products;
			sourceTree = "<group>";
		};
		32A4427E22769131001BBA86 /* ShellSort */ = {
			isa = PBXGroup;
			children = (
				32A4427F22769131001BBA86 /* AppDelegate.h */,
				32A4428022769131001BBA86 /* AppDelegate.m */,
				32A4428222769131001BBA86 /* ViewController.h */,
				32A4428322769131001BBA86 /* ViewController.m */,
				32A4428522769131001BBA86 /* Main.storyboard */,
				32A4428822769132001BBA86 /* Assets.xcassets */,
				32A4428A22769132001BBA86 /* LaunchScreen.storyboard */,
				32A4428D22769132001BBA86 /* Info.plist */,
				32A4428E22769132001BBA86 /* main.m */,
			);
			path = ShellSort;
			sourceTree = "<group>";
		};
		32A4429722769132001BBA86 /* ShellSortTests */ = {
			isa = PBXGroup;
			children = (
				32A4429822769132001BBA86 /* ShellSortTests.m */,
				32A4429A22769132001BBA86 /* Info.plist */,
			);
			path = ShellSortTests;
			sourceTree = "<group>";
		};
		32A442A222769132001BBA86 /* ShellSortUITests */ = {
			isa = PBXGroup;
			children = (
				32A442A322769132001BBA86 /* ShellSortUITests.m */,
				32A442A522769132001BBA86 /* Info.plist */,
			);
			path = ShellSortUITests;
			sourceTree = "<group>";
		};
/* End PBXGroup section */

/* Begin PBXNativeTarget section */
		32A4427B22769131001BBA86 /* ShellSort */ = {
			isa = PBXNativeTarget;
			buildConfigurationList = 32A442A822769132001BBA86 /* Build configuration list for PBXNativeTarget "ShellSort" */;
			buildPhases = (
				32A4427822769131001BBA86 /* Sources */,
				32A4427922769131001BBA86 /* Frameworks */,
				32A4427A22769131001BBA86 /* Resources */,
			);
			buildRules = (
			);
			dependencies = (
			);
			name = ShellSort;
			productName = ShellSort;
			productReference = 32A4427C22769131001BBA86 /* ShellSort.app */;
			productType = "com.apple.product-type.application";
		};
		32A4429322769132001BBA86 /* ShellSortTests */ = {
			isa = PBXNativeTarget;
			buildConfigurationList = 32A442AB22769132001BBA86 /* Build configuration list for PBXNativeTarget "ShellSortTests" */;
			buildPhases = (
				32A4429022769132001BBA86 /* Sources */,
				32A4429122769132001BBA86 /* Frameworks */,
				32A4429222769132001BBA86 /* Resources */,
			);
			buildRules = (
			);
			dependencies = (
				32A4429622769132001BBA86 /* PBXTargetDependency */,
			);
			name = ShellSortTests;
			productName = ShellSortTests;
			productReference = 32A4429422769132001BBA86 /* ShellSortTests.xctest */;
			productType = "com.apple.product-type.bundle.unit-test";
		};
		32A4429E22769132001BBA86 /* ShellSortUITests */ = {
			isa = PBXNativeTarget;
			buildConfigurationList = 32A442AE22769132001BBA86 /* Build configuration list for PBXNativeTarget "ShellSortUITests" */;
			buildPhases = (
				32A4429B22769132001BBA86 /* Sources */,
				32A4429C22769132001BBA86 /* Frameworks */,
				32A4429D22769132001BBA86 /* Resources */,
			);
			buildRules = (
			);
			dependencies = (
				32A442A122769132001BBA86 /* PBXTargetDependency */,
			);
			name = ShellSortUITests;
			productName = ShellSortUITests;
			productReference = 32A4429F22769132001BBA86 /* ShellSortUITests.xctest */;
			productType = "com.apple.product-type.bundle.ui-testing";
		};
/* End PBXNativeTarget section */

/* Begin PBXProject section */
		32A4427422769131001BBA86 /* Project object */ = {
			isa = PBXProject;
			attributes = {
				LastUpgradeCheck = 1010;
				ORGANIZATIONNAME = sunjinshuai;
				TargetAttributes = {
					32A4427B22769131001BBA86 = {
						CreatedOnToolsVersion = 10.1;
					};
					32A4429322769132001BBA86 = {
						CreatedOnToolsVersion = 10.1;
						TestTargetID = 32A4427B22769131001BBA86;
					};
					32A4429E22769132001BBA86 = {
						CreatedOnToolsVersion = 10.1;
						TestTargetID = 32A4427B22769131001BBA86;
					};
				};
			};
			buildConfigurationList = 32A4427722769131001BBA86 /* Build configuration list for PBXProject "ShellSort" */;
			compatibilityVersion = "Xcode 9.3";
			developmentRegion = en;
			hasScannedForEncodings = 0;
			knownRegions = (
				en,
				Base,
			);
			mainGroup = 32A4427322769131001BBA86;
			productRefGroup = 32A4427D22769131001BBA86 /* Products */;
			projectDirPath = "";
			projectRoot = "";
			targets = (
				32A4427B22769131001BBA86 /* ShellSort */,
				32A4429322769132001BBA86 /* ShellSortTests */,
				32A4429E22769132001BBA86 /* ShellSortUITests */,
			);
		};
/* End PBXProject section */

/* Begin PBXResourcesBuildPhase section */
		32A4427A22769131001BBA86 /* Resources */ = {
			isa = PBXResourcesBuildPhase;
			buildActionMask = 2147483647;
			files = (
				32A4428C22769132001BBA86 /* LaunchScreen.storyboard in Resources */,
				32A4428922769132001BBA86 /* Assets.xcassets in Resources */,
				32A4428722769131001BBA86 /* Main.storyboard in Resources */,
			);
			runOnlyForDeploymentPostprocessing = 0;
		};
		32A4429222769132001BBA86 /* Resources */ = {
			isa = PBXResourcesBuildPhase;
			buildActionMask = 2147483647;
			files = (
			);
			runOnlyForDeploymentPostprocessing = 0;
		};
		32A4429D22769132001BBA86 /* Resources */ = {
			isa = PBXResourcesBuildPhase;
			buildActionMask = 2147483647;
			files = (
			);
			runOnlyForDeploymentPostprocessing = 0;
		};
/* End PBXResourcesBuildPhase section */

/* Begin PBXSourcesBuildPhase section */
		32A4427822769131001BBA86 /* Sources */ = {
			isa = PBXSourcesBuildPhase;
			buildActionMask = 2147483647;
			files = (
				32A4428422769131001BBA86 /* ViewController.m in Sources */,
				32A4428F22769132001BBA86 /* main.m in Sources */,
				32A4428122769131001BBA86 /* AppDelegate.m in Sources */,
			);
			runOnlyForDeploymentPostprocessing = 0;
		};
		32A4429022769132001BBA86 /* Sources */ = {
			isa = PBXSourcesBuildPhase;
			buildActionMask = 2147483647;
			files = (
				32A4429922769132001BBA86 /* ShellSortTests.m in Sources */,
			);
			runOnlyForDeploymentPostprocessing = 0;
		};
		32A4429B22769132001BBA86 /* Sources */ = {
			isa = PBXSourcesBuildPhase;
			buildActionMask = 2147483647;
			files = (
				32A442A422769132001BBA86 /* ShellSortUITests.m in Sources */,
			);
			runOnlyForDeploymentPostprocessing = 0;
		};
/* End PBXSourcesBuildPhase section */

/* Begin PBXTargetDependency section */
		32A4429622769132001BBA86 /* PBXTargetDependency */ = {
			isa = PBXTargetDependency;
			target = 32A4427B22769131001BBA86 /* ShellSort */;
			targetProxy = 32A4429522769132001BBA86 /* PBXContainerItemProxy */;
		};
		32A442A122769132001BBA86 /* PBXTargetDependency */ = {
			isa = PBXTargetDependency;
			target = 32A4427B22769131001BBA86 /* ShellSort */;
			targetProxy = 32A442A022769132001BBA86 /* PBXContainerItemProxy */;
		};
/* End PBXTargetDependency section */

/* Begin PBXVariantGroup section */
		32A4428522769131001BBA86 /* Main.storyboard */ = {
			isa = PBXVariantGroup;
			children = (
				32A4428622769131001BBA86 /* Base */,
			);
			name = Main.storyboard;
			sourceTree = "<group>";
		};
		32A4428A22769132001BBA86 /* LaunchScreen.storyboard */ = {
			isa = PBXVariantGroup;
			children = (
				32A4428B22769132001BBA86 /* Base */,
			);
			name = LaunchScreen.storyboard;
			sourceTree = "<group>";
		};
/* End PBXVariantGroup section */

/* Begin XCBuildConfiguration section */
		32A442A622769132001BBA86 /* Debug */ = {
			isa = XCBuildConfiguration;
			buildSettings = {
				ALWAYS_SEARCH_USER_PATHS = NO;
				CLANG_ANALYZER_NONNULL = YES;
				CLANG_ANALYZER_NUMBER_OBJECT_CONVERSION = YES_AGGRESSIVE;
				CLANG_CXX_LANGUAGE_STANDARD = "gnu++14";
				CLANG_CXX_LIBRARY = "libc++";
				CLANG_ENABLE_MODULES = YES;
				CLANG_ENABLE_OBJC_ARC = YES;
				CLANG_ENABLE_OBJC_WEAK = YES;
				CLANG_WARN_BLOCK_CAPTURE_AUTORELEASING = YES;
				CLANG_WARN_BOOL_CONVERSION = YES;
				CLANG_WARN_COMMA = YES;
				CLANG_WARN_CONSTANT_CONVERSION = YES;
				CLANG_WARN_DEPRECATED_OBJC_IMPLEMENTATIONS = YES;
				CLANG_WARN_DIRECT_OBJC_ISA_USAGE = YES_ERROR;
				CLANG_WARN_DOCUMENTATION_COMMENTS = YES;
				CLANG_WARN_EMPTY_BODY = YES;
				CLANG_WARN_ENUM_CONVERSION = YES;
				CLANG_WARN_INFINITE_RECURSION = YES;
				CLANG_WARN_INT_CONVERSION = YES;
				CLANG_WARN_NON_LITERAL_NULL_CONVERSION = YES;
				CLANG_WARN_OBJC_IMPLICIT_RETAIN_SELF = YES;
				CLANG_WARN_OBJC_LITERAL_CONVERSION = YES;
				CLANG_WARN_OBJC_ROOT_CLASS = YES_ERROR;
				CLANG_WARN_RANGE_LOOP_ANALYSIS = YES;
				CLANG_WARN_STRICT_PROTOTYPES = YES;
				CLANG_WARN_SUSPICIOUS_MOVE = YES;
				CLANG_WARN_UNGUARDED_AVAILABILITY = YES_AGGRESSIVE;
				CLANG_WARN_UNREACHABLE_CODE = YES;
				CLANG_WARN__DUPLICATE_METHOD_MATCH = YES;
				CODE_SIGN_IDENTITY = "iPhone Developer";
				COPY_PHASE_STRIP = NO;
				DEBUG_INFORMATION_FORMAT = dwarf;
				ENABLE_STRICT_OBJC_MSGSEND = YES;
				ENABLE_TESTABILITY = YES;
				GCC_C_LANGUAGE_STANDARD = gnu11;
				GCC_DYNAMIC_NO_PIC = NO;
				GCC_NO_COMMON_BLOCKS = YES;
				GCC_OPTIMIZATION_LEVEL = 0;
				GCC_PREPROCESSOR_DEFINITIONS = (
					"DEBUG=1",
					"$(inherited)",
				);
				GCC_WARN_64_TO_32_BIT_CONVERSION = YES;
				GCC_WARN_ABOUT_RETURN_TYPE = YES_ERROR;
				GCC_WARN_UNDECLARED_SELECTOR = YES;
				GCC_WARN_UNINITIALIZED_AUTOS = YES_AGGRESSIVE;
				GCC_WARN_UNUSED_FUNCTION = YES;
				GCC_WARN_UNUSED_VARIABLE = YES;
				IPHONEOS_DEPLOYMENT_TARGET = 12.1;
				MTL_ENABLE_DEBUG_INFO = INCLUDE_SOURCE;
				MTL_FAST_MATH = YES;
				ONLY_ACTIVE_ARCH = YES;
				SDKROOT = iphoneos;
			};
			name = Debug;
		};
		32A442A722769132001BBA86 /* Release */ = {
			isa = XCBuildConfiguration;
			buildSettings = {
				ALWAYS_SEARCH_USER_PATHS = NO;
				CLANG_ANALYZER_NONNULL = YES;
				CLANG_ANALYZER_NUMBER_OBJECT_CONVERSION = YES_AGGRESSIVE;
				CLANG_CXX_LANGUAGE_STANDARD = "gnu++14";
				CLANG_CXX_LIBRARY = "libc++";
				CLANG_ENABLE_MODULES = YES;
				CLANG_ENABLE_OBJC_ARC = YES;
				CLANG_ENABLE_OBJC_WEAK = YES;
				CLANG_WARN_BLOCK_CAPTURE_AUTORELEASING = YES;
				CLANG_WARN_BOOL_CONVERSION = YES;
				CLANG_WARN_COMMA = YES;
				CLANG_WARN_CONSTANT_CONVERSION = YES;
				CLANG_WARN_DEPRECATED_OBJC_IMPLEMENTATIONS = YES;
				CLANG_WARN_DIRECT_OBJC_ISA_USAGE = YES_ERROR;
				CLANG_WARN_DOCUMENTATION_COMMENTS = YES;
				CLANG_WARN_EMPTY_BODY = YES;
				CLANG_WARN_ENUM_CONVERSION = YES;
				CLANG_WARN_INFINITE_RECURSION = YES;
				CLANG_WARN_INT_CONVERSION = YES;
				CLANG_WARN_NON_LITERAL_NULL_CONVERSION = YES;
				CLANG_WARN_OBJC_IMPLICIT_RETAIN_SELF = YES;
				CLANG_WARN_OBJC_LITERAL_CONVERSION = YES;
				CLANG_WARN_OBJC_ROOT_CLASS = YES_ERROR;
				CLANG_WARN_RANGE_LOOP_ANALYSIS = YES;
				CLANG_WARN_STRICT_PROTOTYPES = YES;
				CLANG_WARN_SUSPICIOUS_MOVE = YES;
				CLANG_WARN_UNGUARDED_AVAILABILITY = YES_AGGRESSIVE;
				CLANG_WARN_UNREACHABLE_CODE = YES;
				CLANG_WARN__DUPLICATE_METHOD_MATCH = YES;
				CODE_SIGN_IDENTITY = "iPhone Developer";
				COPY_PHASE_STRIP = NO;
				DEBUG_INFORMATION_FORMAT = "dwarf-with-dsym";
				ENABLE_NS_ASSERTIONS = NO;
				ENABLE_STRICT_OBJC_MSGSEND = YES;
				GCC_C_LANGUAGE_STANDARD = gnu11;
				GCC_NO_COMMON_BLOCKS = YES;
				GCC_WARN_64_TO_32_BIT_CONVERSION = YES;
				GCC_WARN_ABOUT_RETURN_TYPE = YES_ERROR;
				GCC_WARN_UNDECLARED_SELECTOR = YES;
				GCC_WARN_UNINITIALIZED_AUTOS = YES_AGGRESSIVE;
				GCC_WARN_UNUSED_FUNCTION = YES;
				GCC_WARN_UNUSED_VARIABLE = YES;
				IPHONEOS_DEPLOYMENT_TARGET = 12.1;
				MTL_ENABLE_DEBUG_INFO = NO;
				MTL_FAST_MATH = YES;
				SDKROOT = iphoneos;
				VALIDATE_PRODUCT = YES;
			};
			name = Release;
		};
		32A442A922769132001BBA86 /* Debug */ = {
			isa = XCBuildConfiguration;
			buildSettings = {
				ASSETCATALOG_COMPILER_APPICON_NAME = AppIcon;
				CODE_SIGN_STYLE = Automatic;
				INFOPLIST_FILE = ShellSort/Info.plist;
				LD_RUNPATH_SEARCH_PATHS = (
					"$(inherited)",
					"@executable_path/Frameworks",
				);
				PRODUCT_BUNDLE_IDENTIFIER = com.aikucun.ShellSort;
				PRODUCT_NAME = "$(TARGET_NAME)";
				TARGETED_DEVICE_FAMILY = "1,2";
			};
			name = Debug;
		};
		32A442AA22769132001BBA86 /* Release */ = {
			isa = XCBuildConfiguration;
			buildSettings = {
				ASSETCATALOG_COMPILER_APPICON_NAME = AppIcon;
				CODE_SIGN_STYLE = Automatic;
				INFOPLIST_FILE = ShellSort/Info.plist;
				LD_RUNPATH_SEARCH_PATHS = (
					"$(inherited)",
					"@executable_path/Frameworks",
				);
				PRODUCT_BUNDLE_IDENTIFIER = com.aikucun.ShellSort;
				PRODUCT_NAME = "$(TARGET_NAME)";
				TARGETED_DEVICE_FAMILY = "1,2";
			};
			name = Release;
		};
		32A442AC22769132001BBA86 /* Debug */ = {
			isa = XCBuildConfiguration;
			buildSettings = {
				BUNDLE_LOADER = "$(TEST_HOST)";
				CODE_SIGN_STYLE = Automatic;
				INFOPLIST_FILE = ShellSortTests/Info.plist;
				LD_RUNPATH_SEARCH_PATHS = (
					"$(inherited)",
					"@executable_path/Frameworks",
					"@loader_path/Frameworks",
				);
				PRODUCT_BUNDLE_IDENTIFIER = com.aikucun.ShellSortTests;
				PRODUCT_NAME = "$(TARGET_NAME)";
				TARGETED_DEVICE_FAMILY = "1,2";
				TEST_HOST = "$(BUILT_PRODUCTS_DIR)/ShellSort.app/ShellSort";
			};
			name = Debug;
		};
		32A442AD22769132001BBA86 /* Release */ = {
			isa = XCBuildConfiguration;
			buildSettings = {
				BUNDLE_LOADER = "$(TEST_HOST)";
				CODE_SIGN_STYLE = Automatic;
				INFOPLIST_FILE = ShellSortTests/Info.plist;
				LD_RUNPATH_SEARCH_PATHS = (
					"$(inherited)",
					"@executable_path/Frameworks",
					"@loader_path/Frameworks",
				);
				PRODUCT_BUNDLE_IDENTIFIER = com.aikucun.ShellSortTests;
				PRODUCT_NAME = "$(TARGET_NAME)";
				TARGETED_DEVICE_FAMILY = "1,2";
				TEST_HOST = "$(BUILT_PRODUCTS_DIR)/ShellSort.app/ShellSort";
			};
			name = Release;
		};
		32A442AF22769132001BBA86 /* Debug */ = {
			isa = XCBuildConfiguration;
			buildSettings = {
				CODE_SIGN_STYLE = Automatic;
				INFOPLIST_FILE = ShellSortUITests/Info.plist;
				LD_RUNPATH_SEARCH_PATHS = (
					"$(inherited)",
					"@executable_path/Frameworks",
					"@loader_path/Frameworks",
				);
				PRODUCT_BUNDLE_IDENTIFIER = com.aikucun.ShellSortUITests;
				PRODUCT_NAME = "$(TARGET_NAME)";
				TARGETED_DEVICE_FAMILY = "1,2";
				TEST_TARGET_NAME = ShellSort;
			};
			name = Debug;
		};
		32A442B022769132001BBA86 /* Release */ = {
			isa = XCBuildConfiguration;
			buildSettings = {
				CODE_SIGN_STYLE = Automatic;
				INFOPLIST_FILE = ShellSortUITests/Info.plist;
				LD_RUNPATH_SEARCH_PATHS = (
					"$(inherited)",
					"@executable_path/Frameworks",
					"@loader_path/Frameworks",
				);
				PRODUCT_BUNDLE_IDENTIFIER = com.aikucun.ShellSortUITests;
				PRODUCT_NAME = "$(TARGET_NAME)";
				TARGETED_DEVICE_FAMILY = "1,2";
				TEST_TARGET_NAME = ShellSort;
			};
			name = Release;
		};
/* End XCBuildConfiguration section */

/* Begin XCConfigurationList section */
		32A4427722769131001BBA86 /* Build configuration list for PBXProject "ShellSort" */ = {
			isa = XCConfigurationList;
			buildConfigurations = (
				32A442A622769132001BBA86 /* Debug */,
				32A442A722769132001BBA86 /* Release */,
			);
			defaultConfigurationIsVisible = 0;
			defaultConfigurationName = Release;
		};
		32A442A822769132001BBA86 /* Build configuration list for PBXNativeTarget "ShellSort" */ = {
			isa = XCConfigurationList;
			buildConfigurations = (
				32A442A922769132001BBA86 /* Debug */,
				32A442AA22769132001BBA86 /* Release */,
			);
			defaultConfigurationIsVisible = 0;
			defaultConfigurationName = Release;
		};
		32A442AB22769132001BBA86 /* Build configuration list for PBXNativeTarget "ShellSortTests" */ = {
			isa = XCConfigurationList;
			buildConfigurations = (
				32A442AC22769132001BBA86 /* Debug */,
				32A442AD22769132001BBA86 /* Release */,
			);
			defaultConfigurationIsVisible = 0;
			defaultConfigurationName = Release;
		};
		32A442AE22769132001BBA86 /* Build configuration list for PBXNativeTarget "ShellSortUITests" */ = {
			isa = XCConfigurationList;
			buildConfigurations = (
				32A442AF22769132001BBA86 /* Debug */,
				32A442B022769132001BBA86 /* Release */,
			);
			defaultConfigurationIsVisible = 0;
			defaultConfigurationName = Release;
		};
/* End XCConfigurationList section */
	};
	rootObject = 32A4427422769131001BBA86 /* Project object */;
}
